
Microsoft Visual Studio Solution File, Format Version 11.00
# Visual Studio 2010
Project("{FAE04EC0-301F-11D3-BF4B-00C04F79EFBC}") = "UnityEngine.TestRunner", "UnityEngine.TestRunner.csproj", "{81958eb9-d695-3abc-7a47-2c5c271d638f}"
EndProject
Project("{FAE04EC0-301F-11D3-BF4B-00C04F79EFBC}") = "Unity.Mathematics", "Unity.Mathematics.csproj", "{062fe88b-ec18-f63c-48f9-541af99b2049}"
EndProject
Project("{FAE04EC0-301F-11D3-BF4B-00C04F79EFBC}") = "Unity.2D.Animation.Triangle.Runtime", "Unity.2D.Animation.Triangle.Runtime.csproj", "{bc958f12-f41f-1473-9525-b8de7f843391}"
EndProject
Project("{FAE04EC0-301F-11D3-BF4B-00C04F79EFBC}") = "Unity.Timeline", "Unity.Timeline.csproj", "{b710cc91-c67f-4f1f-69d8-55b94e33d1ee}"
EndProject
Project("{FAE04EC0-301F-11D3-BF4B-00C04F79EFBC}") = "UnityEngine.UI", "UnityEngine.UI.csproj", "{7ca61f9e-1bef-e2ea-2c39-bd65f3ed4d8e}"
EndProject
Project("{FAE04EC0-301F-11D3-BF4B-00C04F79EFBC}") = "Unity.TextMeshPro", "Unity.TextMeshPro.csproj", "{25b6a906-520d-8787-fd7b-0aea89b5b242}"
EndProject
Project("{FAE04EC0-301F-11D3-BF4B-00C04F79EFBC}") = "Unity.2D.Animation.Runtime", "Unity.2D.Animation.Runtime.csproj", "{7209c9a4-f396-da55-4ed5-0a7bc133c22c}"
EndProject
Project("{FAE04EC0-301F-11D3-BF4B-00C04F79EFBC}") = "Unity.2D.IK.Runtime", "Unity.2D.IK.Runtime.csproj", "{1fb60d3a-07ba-aa0e-dd33-a4b18b082bdf}"
EndProject
Project("{FAE04EC0-301F-11D3-BF4B-00C04F79EFBC}") = "Unity.2D.SpriteShape.Runtime", "Unity.2D.SpriteShape.Runtime.csproj", "{1763b5de-8ee7-1172-acfc-fa7fd010de63}"
EndProject
Project("{FAE04EC0-301F-11D3-BF4B-00C04F79EFBC}") = "Unity.2D.PixelPerfect", "Unity.2D.PixelPerfect.csproj", "{dd7ba3b1-3130-ebf7-064a-03dd15ccf0cf}"
EndProject
Project("{FAE04EC0-301F-11D3-BF4B-00C04F79EFBC}") = "Assembly-CSharp", "Assembly-CSharp.csproj", "{73d0a0a4-ec76-bed5-d3a0-3d8e037f1df8}"
EndProject
Project("{FAE04EC0-301F-11D3-BF4B-00C04F79EFBC}") = "Unity.2D.Common.Runtime", "Unity.2D.Common.Runtime.csproj", "{b3ccf5e5-5f2f-a3ba-a3a7-766528e282d3}"
EndProject
Project("{FAE04EC0-301F-11D3-BF4B-00C04F79EFBC}") = "Unity.InternalAPIEngineBridge.001", "Unity.InternalAPIEngineBridge.001.csproj", "{9f39d14c-34f3-cded-0bf1-2973977cc074}"
EndProject
Project("{FAE04EC0-301F-11D3-BF4B-00C04F79EFBC}") = "UnityEditor.TestRunner", "UnityEditor.TestRunner.csproj", "{1a9ffed9-c530-82dc-fcd9-ccff3ac6da39}"
EndProject
Project("{FAE04EC0-301F-11D3-BF4B-00C04F79EFBC}") = "Unity.PlasticSCM.Editor", "Unity.PlasticSCM.Editor.csproj", "{825d63bf-a665-0c05-4367-8ff40d8ff586}"
EndProject
Project("{FAE04EC0-301F-11D3-BF4B-00C04F79EFBC}") = "UnityEditor.UI", "UnityEditor.UI.csproj", "{236d1fd4-7a09-f1d5-7678-adbd278c5c0b}"
EndProject
Project("{FAE04EC0-301F-11D3-BF4B-00C04F79EFBC}") = "Unity.Timeline.Editor", "Unity.Timeline.Editor.csproj", "{cd4b2ff9-cf8b-2000-3b42-da169d81057d}"
EndProject
Project("{FAE04EC0-301F-11D3-BF4B-00C04F79EFBC}") = "Unity.VisualStudio.Editor", "Unity.VisualStudio.Editor.csproj", "{b95d2782-a92c-71da-b346-f21b0cca6652}"
EndProject
Project("{FAE04EC0-301F-11D3-BF4B-00C04F79EFBC}") = "Unity.2D.Psdimporter.Editor", "Unity.2D.Psdimporter.Editor.csproj", "{aeb7962e-9d00-7f5d-7c5f-6637bf86e9a4}"
EndProject
Project("{FAE04EC0-301F-11D3-BF4B-00C04F79EFBC}") = "Unity.2D.Animation.Editor", "Unity.2D.Animation.Editor.csproj", "{c9d4a40f-44dc-f2f7-780c-24f02065a2fd}"
EndProject
Project("{FAE04EC0-301F-11D3-BF4B-00C04F79EFBC}") = "Unity.TextMeshPro.Editor", "Unity.TextMeshPro.Editor.csproj", "{8f3b06ea-7141-628d-de4e-66a898192393}"
EndProject
Project("{FAE04EC0-301F-11D3-BF4B-00C04F79EFBC}") = "Unity.2D.SpriteShape.Editor", "Unity.2D.SpriteShape.Editor.csproj", "{d361e2cf-101b-2dde-185d-861053f9b669}"
EndProject
Project("{FAE04EC0-301F-11D3-BF4B-00C04F79EFBC}") = "Unity.CollabProxy.Editor", "Unity.CollabProxy.Editor.csproj", "{5f4b7c77-21e9-b1f8-79a4-a8d51d28d918}"
EndProject
Project("{FAE04EC0-301F-11D3-BF4B-00C04F79EFBC}") = "PsdPlugin", "PsdPlugin.csproj", "{76de3900-2640-eaa7-ef05-ea9fba77f634}"
EndProject
Project("{FAE04EC0-301F-11D3-BF4B-00C04F79EFBC}") = "Unity.2D.Path.Editor", "Unity.2D.Path.Editor.csproj", "{e822153a-962f-f986-93ba-b56e14c64ee5}"
EndProject
Project("{FAE04EC0-301F-11D3-BF4B-00C04F79EFBC}") = "Unity.Rider.Editor", "Unity.Rider.Editor.csproj", "{9309b101-ece4-a84a-b25f-769de47480a0}"
EndProject
Project("{FAE04EC0-301F-11D3-BF4B-00C04F79EFBC}") = "Unity.2D.IK.Editor", "Unity.2D.IK.Editor.csproj", "{8d87698f-0d53-1c6e-f5f9-97f57c3d5b2f}"
EndProject
Project("{FAE04EC0-301F-11D3-BF4B-00C04F79EFBC}") = "Unity.2D.Sprite.Editor", "Unity.2D.Sprite.Editor.csproj", "{66fdefe7-6f1c-ee75-e722-f1afcc8871ad}"
EndProject
Project("{FAE04EC0-301F-11D3-BF4B-00C04F79EFBC}") = "Unity.2D.Tilemap.Editor", "Unity.2D.Tilemap.Editor.csproj", "{6820e172-86b9-b8c0-3c4f-a446db8d17a6}"
EndProject
Project("{FAE04EC0-301F-11D3-BF4B-00C04F79EFBC}") = "Unity.2D.PixelPerfect.Editor", "Unity.2D.PixelPerfect.Editor.csproj", "{6969491b-913b-6ecd-96c6-06bc0ec1f955}"
EndProject
Project("{FAE04EC0-301F-11D3-BF4B-00C04F79EFBC}") = "Unity.VSCode.Editor", "Unity.VSCode.Editor.csproj", "{ab699b43-5c1c-789a-4193-19cd24b78f08}"
EndProject
Project("{FAE04EC0-301F-11D3-BF4B-00C04F79EFBC}") = "Unity.2D.Common.Editor", "Unity.2D.Common.Editor.csproj", "{9b9e5f2c-4ee0-433f-b553-5b78128fedf1}"
EndProject
Project("{FAE04EC0-301F-11D3-BF4B-00C04F79EFBC}") = "Unity.Mathematics.Editor", "Unity.Mathematics.Editor.csproj", "{87ba4716-be0a-47fd-afae-129d3872d163}"
EndProject
Project("{FAE04EC0-301F-11D3-BF4B-00C04F79EFBC}") = "Unity.InternalAPIEditorBridge.001", "Unity.InternalAPIEditorBridge.001.csproj", "{5966f1da-3dde-9259-f13c-d0c97b8676ea}"
EndProject
Global
	GlobalSection(SolutionConfigurationPlatforms) = preSolution
		Debug|Any CPU = Debug|Any CPU
	EndGlobalSection
	GlobalSection(ProjectConfigurationPlatforms) = postSolution
		{81958eb9-d695-3abc-7a47-2c5c271d638f}.Debug|Any CPU.ActiveCfg = Debug|Any CPU
		{81958eb9-d695-3abc-7a47-2c5c271d638f}.Debug|Any CPU.Build.0 = Debug|Any CPU
		{062fe88b-ec18-f63c-48f9-541af99b2049}.Debug|Any CPU.ActiveCfg = Debug|Any CPU
		{062fe88b-ec18-f63c-48f9-541af99b2049}.Debug|Any CPU.Build.0 = Debug|Any CPU
		{bc958f12-f41f-1473-9525-b8de7f843391}.Debug|Any CPU.ActiveCfg = Debug|Any CPU
		{bc958f12-f41f-1473-9525-b8de7f843391}.Debug|Any CPU.Build.0 = Debug|Any CPU
		{b710cc91-c67f-4f1f-69d8-55b94e33d1ee}.Debug|Any CPU.ActiveCfg = Debug|Any CPU
		{b710cc91-c67f-4f1f-69d8-55b94e33d1ee}.Debug|Any CPU.Build.0 = Debug|Any CPU
		{7ca61f9e-1bef-e2ea-2c39-bd65f3ed4d8e}.Debug|Any CPU.ActiveCfg = Debug|Any CPU
		{7ca61f9e-1bef-e2ea-2c39-bd65f3ed4d8e}.Debug|Any CPU.Build.0 = Debug|Any CPU
		{25b6a906-520d-8787-fd7b-0aea89b5b242}.Debug|Any CPU.ActiveCfg = Debug|Any CPU
		{25b6a906-520d-8787-fd7b-0aea89b5b242}.Debug|Any CPU.Build.0 = Debug|Any CPU
		{7209c9a4-f396-da55-4ed5-0a7bc133c22c}.Debug|Any CPU.ActiveCfg = Debug|Any CPU
		{7209c9a4-f396-da55-4ed5-0a7bc133c22c}.Debug|Any CPU.Build.0 = Debug|Any CPU
		{1fb60d3a-07ba-aa0e-dd33-a4b18b082bdf}.Debug|Any CPU.ActiveCfg = Debug|Any CPU
		{1fb60d3a-07ba-aa0e-dd33-a4b18b082bdf}.Debug|Any CPU.Build.0 = Debug|Any CPU
		{1763b5de-8ee7-1172-acfc-fa7fd010de63}.Debug|Any CPU.ActiveCfg = Debug|Any CPU
		{1763b5de-8ee7-1172-acfc-fa7fd010de63}.Debug|Any CPU.Build.0 = Debug|Any CPU
		{dd7ba3b1-3130-ebf7-064a-03dd15ccf0cf}.Debug|Any CPU.ActiveCfg = Debug|Any CPU
		{dd7ba3b1-3130-ebf7-064a-03dd15ccf0cf}.Debug|Any CPU.Build.0 = Debug|Any CPU
		{73d0a0a4-ec76-bed5-d3a0-3d8e037f1df8}.Debug|Any CPU.ActiveCfg = Debug|Any CPU
		{73d0a0a4-ec76-bed5-d3a0-3d8e037f1df8}.Debug|Any CPU.Build.0 = Debug|Any CPU
		{b3ccf5e5-5f2f-a3ba-a3a7-766528e282d3}.Debug|Any CPU.ActiveCfg = Debug|Any CPU
		{b3ccf5e5-5f2f-a3ba-a3a7-766528e282d3}.Debug|Any CPU.Build.0 = Debug|Any CPU
		{9f39d14c-34f3-cded-0bf1-2973977cc074}.Debug|Any CPU.ActiveCfg = Debug|Any CPU
		{9f39d14c-34f3-cded-0bf1-2973977cc074}.Debug|Any CPU.Build.0 = Debug|Any CPU
		{1a9ffed9-c530-82dc-fcd9-ccff3ac6da39}.Debug|Any CPU.ActiveCfg = Debug|Any CPU
		{1a9ffed9-c530-82dc-fcd9-ccff3ac6da39}.Debug|Any CPU.Build.0 = Debug|Any CPU
		{825d63bf-a665-0c05-4367-8ff40d8ff586}.Debug|Any CPU.ActiveCfg = Debug|Any CPU
		{825d63bf-a665-0c05-4367-8ff40d8ff586}.Debug|Any CPU.Build.0 = Debug|Any CPU
		{236d1fd4-7a09-f1d5-7678-adbd278c5c0b}.Debug|Any CPU.ActiveCfg = Debug|Any CPU
		{236d1fd4-7a09-f1d5-7678-adbd278c5c0b}.Debug|Any CPU.Build.0 = Debug|Any CPU
		{cd4b2ff9-cf8b-2000-3b42-da169d81057d}.Debug|Any CPU.ActiveCfg = Debug|Any CPU
		{cd4b2ff9-cf8b-2000-3b42-da169d81057d}.Debug|Any CPU.Build.0 = Debug|Any CPU
		{b95d2782-a92c-71da-b346-f21b0cca6652}.Debug|Any CPU.ActiveCfg = Debug|Any CPU
		{b95d2782-a92c-71da-b346-f21b0cca6652}.Debug|Any CPU.Build.0 = Debug|Any CPU
		{aeb7962e-9d00-7f5d-7c5f-6637bf86e9a4}.Debug|Any CPU.ActiveCfg = Debug|Any CPU
		{aeb7962e-9d00-7f5d-7c5f-6637bf86e9a4}.Debug|Any CPU.Build.0 = Debug|Any CPU
		{c9d4a40f-44dc-f2f7-780c-24f02065a2fd}.Debug|Any CPU.ActiveCfg = Debug|Any CPU
		{c9d4a40f-44dc-f2f7-780c-24f02065a2fd}.Debug|Any CPU.Build.0 = Debug|Any CPU
		{8f3b06ea-7141-628d-de4e-66a898192393}.Debug|Any CPU.ActiveCfg = Debug|Any CPU
		{8f3b06ea-7141-628d-de4e-66a898192393}.Debug|Any CPU.Build.0 = Debug|Any CPU
		{d361e2cf-101b-2dde-185d-861053f9b669}.Debug|Any CPU.ActiveCfg = Debug|Any CPU
		{d361e2cf-101b-2dde-185d-861053f9b669}.Debug|Any CPU.Build.0 = Debug|Any CPU
		{5f4b7c77-21e9-b1f8-79a4-a8d51d28d918}.Debug|Any CPU.ActiveCfg = Debug|Any CPU
		{5f4b7c77-21e9-b1f8-79a4-a8d51d28d918}.Debug|Any CPU.Build.0 = Debug|Any CPU
		{76de3900-2640-eaa7-ef05-ea9fba77f634}.Debug|Any CPU.ActiveCfg = Debug|Any CPU
		{76de3900-2640-eaa7-ef05-ea9fba77f634}.Debug|Any CPU.Build.0 = Debug|Any CPU
		{e822153a-962f-f986-93ba-b56e14c64ee5}.Debug|Any CPU.ActiveCfg = Debug|Any CPU
		{e822153a-962f-f986-93ba-b56e14c64ee5}.Debug|Any CPU.Build.0 = Debug|Any CPU
		{9309b101-ece4-a84a-b25f-769de47480a0}.Debug|Any CPU.ActiveCfg = Debug|Any CPU
		{9309b101-ece4-a84a-b25f-769de47480a0}.Debug|Any CPU.Build.0 = Debug|Any CPU
		{8d87698f-0d53-1c6e-f5f9-97f57c3d5b2f}.Debug|Any CPU.ActiveCfg = Debug|Any CPU
		{8d87698f-0d53-1c6e-f5f9-97f57c3d5b2f}.Debug|Any CPU.Build.0 = Debug|Any CPU
		{66fdefe7-6f1c-ee75-e722-f1afcc8871ad}.Debug|Any CPU.ActiveCfg = Debug|Any CPU
		{66fdefe7-6f1c-ee75-e722-f1afcc8871ad}.Debug|Any CPU.Build.0 = Debug|Any CPU
		{6820e172-86b9-b8c0-3c4f-a446db8d17a6}.Debug|Any CPU.ActiveCfg = Debug|Any CPU
		{6820e172-86b9-b8c0-3c4f-a446db8d17a6}.Debug|Any CPU.Build.0 = Debug|Any CPU
		{6969491b-913b-6ecd-96c6-06bc0ec1f955}.Debug|Any CPU.ActiveCfg = Debug|Any CPU
		{6969491b-913b-6ecd-96c6-06bc0ec1f955}.Debug|Any CPU.Build.0 = Debug|Any CPU
		{ab699b43-5c1c-789a-4193-19cd24b78f08}.Debug|Any CPU.ActiveCfg = Debug|Any CPU
		{ab699b43-5c1c-789a-4193-19cd24b78f08}.Debug|Any CPU.Build.0 = Debug|Any CPU
		{9b9e5f2c-4ee0-433f-b553-5b78128fedf1}.Debug|Any CPU.ActiveCfg = Debug|Any CPU
		{9b9e5f2c-4ee0-433f-b553-5b78128fedf1}.Debug|Any CPU.Build.0 = Debug|Any CPU
		{87ba4716-be0a-47fd-afae-129d3872d163}.Debug|Any CPU.ActiveCfg = Debug|Any CPU
		{87ba4716-be0a-47fd-afae-129d3872d163}.Debug|Any CPU.Build.0 = Debug|Any CPU
		{5966f1da-3dde-9259-f13c-d0c97b8676ea}.Debug|Any CPU.ActiveCfg = Debug|Any CPU
		{5966f1da-3dde-9259-f13c-d0c97b8676ea}.Debug|Any CPU.Build.0 = Debug|Any CPU
	EndGlobalSection
	GlobalSection(SolutionProperties) = preSolution
		HideSolutionNode = FALSE
	EndGlobalSection
EndGlobal
